
Microsoft Visual Studio Solution File, Format Version 12.00
# Visual Studio Version 16
VisualStudioVersion = 16.0.32802.440
MinimumVisualStudioVersion = 10.0.40219.1
Project("{FAE04EC0-301F-11D3-BF4B-00C04F79EFBC}") = "Lab7Polymorphism", "Lab7Polymorphism\Lab7Polymorphism.csproj", "{3AA197E5-7793-4564-8005-4E2F5F0C7399}"
EndProject
Global
	GlobalSection(SolutionConfigurationPlatforms) = preSolution
		Debug|Any CPU = Debug|Any CPU
		Release|Any CPU = Release|Any CPU
	EndGlobalSection
	GlobalSection(ProjectConfigurationPlatforms) = postSolution
		{3AA197E5-7793-4564-8005-4E2F5F0C7399}.Debug|Any CPU.ActiveCfg = Debug|Any CPU
		{3AA197E5-7793-4564-8005-4E2F5F0C7399}.Debug|Any CPU.Build.0 = Debug|Any CPU
		{3AA197E5-7793-4564-8005-4E2F5F0C7399}.Release|Any CPU.ActiveCfg = Release|Any CPU
		{3AA197E5-7793-4564-8005-4E2F5F0C7399}.Release|Any CPU.Build.0 = Release|Any CPU
	EndGlobalSection
	GlobalSection(SolutionProperties) = preSolution
		HideSolutionNode = FALSE
	EndGlobalSection
	GlobalSection(ExtensibilityGlobals) = postSolution
		SolutionGuid = {78FFE5DE-4635-4A5C-99A2-DE7BDBB1253A}
	EndGlobalSection
EndGlobal
